// !$*UTF8*$!
{
	archiveVersion = 1;
	classes = {
	};
	objectVersion = 46;
	objects = {

/* Begin PBXBuildFile section */
		D675778C19ABFEE200D625D0 /* AppDelegate.swift in Sources */ = {isa = PBXBuildFile; fileRef = D675778B19ABFEE200D625D0 /* AppDelegate.swift */; };
		D675778E19ABFEE200D625D0 /* ViewController.swift in Sources */ = {isa = PBXBuildFile; fileRef = D675778D19ABFEE200D625D0 /* ViewController.swift */; };
		D675779119ABFEE200D625D0 /* Main.storyboard in Resources */ = {isa = PBXBuildFile; fileRef = D675778F19ABFEE200D625D0 /* Main.storyboard */; };
		D675779319ABFEE200D625D0 /* Images.xcassets in Resources */ = {isa = PBXBuildFile; fileRef = D675779219ABFEE200D625D0 /* Images.xcassets */; };
		D675779F19ABFEE200D625D0 /* TipsterTests.swift in Sources */ = {isa = PBXBuildFile; fileRef = D675779E19ABFEE200D625D0 /* TipsterTests.swift */; };
		D67577A919AD30F600D625D0 /* SettingsViewController.swift in Sources */ = {isa = PBXBuildFile; fileRef = D67577A819AD30F600D625D0 /* SettingsViewController.swift */; };
/* End PBXBuildFile section */

/* Begin PBXContainerItemProxy section */
		D675779919ABFEE200D625D0 /* PBXContainerItemProxy */ = {
			isa = PBXContainerItemProxy;
			containerPortal = D675777E19ABFEE200D625D0 /* Project object */;
			proxyType = 1;
			remoteGlobalIDString = D675778519ABFEE200D625D0;
			remoteInfo = Tipster;
		};
/* End PBXContainerItemProxy section */

/* Begin PBXFileReference section */
		D675778619ABFEE200D625D0 /* Tipster.app */ = {isa = PBXFileReference; explicitFileType = wrapper.application; includeInIndex = 0; path = Tipster.app; sourceTree = BUILT_PRODUCTS_DIR; };
		D675778A19ABFEE200D625D0 /* Info.plist */ = {isa = PBXFileReference; lastKnownFileType = text.plist.xml; path = Info.plist; sourceTree = "<group>"; };
		D675778B19ABFEE200D625D0 /* AppDelegate.swift */ = {isa = PBXFileReference; lastKnownFileType = sourcecode.swift; path = AppDelegate.swift; sourceTree = "<group>"; };
		D675778D19ABFEE200D625D0 /* ViewController.swift */ = {isa = PBXFileReference; lastKnownFileType = sourcecode.swift; path = ViewController.swift; sourceTree = "<group>"; };
		D675779019ABFEE200D625D0 /* Base */ = {isa = PBXFileReference; lastKnownFileType = file.storyboard; name = Base; path = Base.lproj/Main.storyboard; sourceTree = "<group>"; };
		D675779219ABFEE200D625D0 /* Images.xcassets */ = {isa = PBXFileReference; lastKnownFileType = folder.assetcatalog; path = Images.xcassets; sourceTree = "<group>"; };
		D675779819ABFEE200D625D0 /* TipsterTests.xctest */ = {isa = PBXFileReference; explicitFileType = wrapper.cfbundle; includeInIndex = 0; path = TipsterTests.xctest; sourceTree = BUILT_PRODUCTS_DIR; };
		D675779D19ABFEE200D625D0 /* Info.plist */ = {isa = PBXFileReference; lastKnownFileType = text.plist.xml; path = Info.plist; sourceTree = "<group>"; };
		D675779E19ABFEE200D625D0 /* TipsterTests.swift */ = {isa = PBXFileReference; lastKnownFileType = sourcecode.swift; path = TipsterTests.swift; sourceTree = "<group>"; };
		D67577A819AD30F600D625D0 /* SettingsViewController.swift */ = {isa = PBXFileReference; fileEncoding = 4; lastKnownFileType = sourcecode.swift; path = SettingsViewController.swift; sourceTree = "<group>"; };
/* End PBXFileReference section */

/* Begin PBXFrameworksBuildPhase section */
		D675778319ABFEE200D625D0 /* Frameworks */ = {
			isa = PBXFrameworksBuildPhase;
			buildActionMask = 2147483647;
			files = (
			);
			runOnlyForDeploymentPostprocessing = 0;
		};
		D675779519ABFEE200D625D0 /* Frameworks */ = {
			isa = PBXFrameworksBuildPhase;
			buildActionMask = 2147483647;
			files = (
			);
			runOnlyForDeploymentPostprocessing = 0;
		};
/* End PBXFrameworksBuildPhase section */

/* Begin PBXGroup section */
		D675777D19ABFEE200D625D0 = {
			isa = PBXGroup;
			children = (
				D675778819ABFEE200D625D0 /* Tipster */,
				D675779B19ABFEE200D625D0 /* TipsterTests */,
				D675778719ABFEE200D625D0 /* Products */,
			);
			sourceTree = "<group>";
		};
		D675778719ABFEE200D625D0 /* Products */ = {
			isa = PBXGroup;
			children = (
				D675778619ABFEE200D625D0 /* Tipster.app */,
				D675779819ABFEE200D625D0 /* TipsterTests.xctest */,
			);
			name = Products;
			sourceTree = "<group>";
		};
		D675778819ABFEE200D625D0 /* Tipster */ = {
			isa = PBXGroup;
			children = (
				D675778B19ABFEE200D625D0 /* AppDelegate.swift */,
				D675778D19ABFEE200D625D0 /* ViewController.swift */,
				D67577A819AD30F600D625D0 /* SettingsViewController.swift */,
				D675778F19ABFEE200D625D0 /* Main.storyboard */,
				D675779219ABFEE200D625D0 /* Images.xcassets */,
				D675778919ABFEE200D625D0 /* Supporting Files */,
			);
			path = Tipster;
			sourceTree = "<group>";
		};
		D675778919ABFEE200D625D0 /* Supporting Files */ = {
			isa = PBXGroup;
			children = (
				D675778A19ABFEE200D625D0 /* Info.plist */,
			);
			name = "Supporting Files";
			sourceTree = "<group>";
		};
		D675779B19ABFEE200D625D0 /* TipsterTests */ = {
			isa = PBXGroup;
			children = (
				D675779E19ABFEE200D625D0 /* TipsterTests.swift */,
				D675779C19ABFEE200D625D0 /* Supporting Files */,
			);
			path = TipsterTests;
			sourceTree = "<group>";
		};
		D675779C19ABFEE200D625D0 /* Supporting Files */ = {
			isa = PBXGroup;
			children = (
				D675779D19ABFEE200D625D0 /* Info.plist */,
			);
			name = "Supporting Files";
			sourceTree = "<group>";
		};
/* End PBXGroup section */

/* Begin PBXNativeTarget section */
		D675778519ABFEE200D625D0 /* Tipster */ = {
			isa = PBXNativeTarget;
			buildConfigurationList = D67577A219ABFEE200D625D0 /* Build configuration list for PBXNativeTarget "Tipster" */;
			buildPhases = (
				D675778219ABFEE200D625D0 /* Sources */,
				D675778319ABFEE200D625D0 /* Frameworks */,
				D675778419ABFEE200D625D0 /* Resources */,
			);
			buildRules = (
			);
			dependencies = (
			);
			name = Tipster;
			productName = Tipster;
			productReference = D675778619ABFEE200D625D0 /* Tipster.app */;
			productType = "com.apple.product-type.application";
		};
		D675779719ABFEE200D625D0 /* TipsterTests */ = {
			isa = PBXNativeTarget;
			buildConfigurationList = D67577A519ABFEE200D625D0 /* Build configuration list for PBXNativeTarget "TipsterTests" */;
			buildPhases = (
				D675779419ABFEE200D625D0 /* Sources */,
				D675779519ABFEE200D625D0 /* Frameworks */,
				D675779619ABFEE200D625D0 /* Resources */,
			);
			buildRules = (
			);
			dependencies = (
				D675779A19ABFEE200D625D0 /* PBXTargetDependency */,
			);
			name = TipsterTests;
			productName = TipsterTests;
			productReference = D675779819ABFEE200D625D0 /* TipsterTests.xctest */;
			productType = "com.apple.product-type.bundle.unit-test";
		};
/* End PBXNativeTarget section */

/* Begin PBXProject section */
		D675777E19ABFEE200D625D0 /* Project object */ = {
			isa = PBXProject;
			attributes = {
				LastUpgradeCheck = 0600;
				ORGANIZATIONNAME = "Harsha Vashisht";
				TargetAttributes = {
					D675778519ABFEE200D625D0 = {
						CreatedOnToolsVersion = 6.0;
					};
					D675779719ABFEE200D625D0 = {
						CreatedOnToolsVersion = 6.0;
						TestTargetID = D675778519ABFEE200D625D0;
					};
				};
			};
			buildConfigurationList = D675778119ABFEE200D625D0 /* Build configuration list for PBXProject "Tipster" */;
			compatibilityVersion = "Xcode 3.2";
			developmentRegion = English;
			hasScannedForEncodings = 0;
			knownRegions = (
				en,
				Base,
			);
			mainGroup = D675777D19ABFEE200D625D0;
			productRefGroup = D675778719ABFEE200D625D0 /* Products */;
			projectDirPath = "";
			projectRoot = "";
			targets = (
				D675778519ABFEE200D625D0 /* Tipster */,
				D675779719ABFEE200D625D0 /* TipsterTests */,
			);
		};
/* End PBXProject section */

/* Begin PBXResourcesBuildPhase section */
		D675778419ABFEE200D625D0 /* Resources */ = {
			isa = PBXResourcesBuildPhase;
			buildActionMask = 2147483647;
			files = (
				D675779119ABFEE200D625D0 /* Main.storyboard in Resources */,
				D675779319ABFEE200D625D0 /* Images.xcassets in Resources */,
			);
			runOnlyForDeploymentPostprocessing = 0;
		};
		D675779619ABFEE200D625D0 /* Resources */ = {
			isa = PBXResourcesBuildPhase;
			buildActionMask = 2147483647;
			files = (
			);
			runOnlyForDeploymentPostprocessing = 0;
		};
/* End PBXResourcesBuildPhase section */

/* Begin PBXSourcesBuildPhase section */
		D675778219ABFEE200D625D0 /* Sources */ = {
			isa = PBXSourcesBuildPhase;
			buildActionMask = 2147483647;
			files = (
				D675778E19ABFEE200D625D0 /* ViewController.swift in Sources */,
				D675778C19ABFEE200D625D0 /* AppDelegate.swift in Sources */,
				D67577A919AD30F600D625D0 /* SettingsViewController.swift in Sources */,
			);
			runOnlyForDeploymentPostprocessing = 0;
		};
		D675779419ABFEE200D625D0 /* Sources */ = {
			isa = PBXSourcesBuildPhase;
			buildActionMask = 2147483647;
			files = (
				D675779F19ABFEE200D625D0 /* TipsterTests.swift in Sources */,
			);
			runOnlyForDeploymentPostprocessing = 0;
		};
/* End PBXSourcesBuildPhase section */

/* Begin PBXTargetDependency section */
		D675779A19ABFEE200D625D0 /* PBXTargetDependency */ = {
			isa = PBXTargetDependency;
			target = D675778519ABFEE200D625D0 /* Tipster */;
			targetProxy = D675779919ABFEE200D625D0 /* PBXContainerItemProxy */;
		};
/* End PBXTargetDependency section */

/* Begin PBXVariantGroup section */
		D675778F19ABFEE200D625D0 /* Main.storyboard */ = {
			isa = PBXVariantGroup;
			children = (
				D675779019ABFEE200D625D0 /* Base */,
			);
			name = Main.storyboard;
			sourceTree = "<group>";
		};
/* End PBXVariantGroup section */

/* Begin XCBuildConfiguration section */
		D67577A019ABFEE200D625D0 /* Debug */ = {
			isa = XCBuildConfiguration;
			buildSettings = {
				ALWAYS_SEARCH_USER_PATHS = NO;
				CLANG_CXX_LANGUAGE_STANDARD = "gnu++0x";
				CLANG_CXX_LIBRARY = "libc++";
				CLANG_ENABLE_MODULES = YES;
				CLANG_ENABLE_OBJC_ARC = YES;
				CLANG_WARN_BOOL_CONVERSION = YES;
				CLANG_WARN_CONSTANT_CONVERSION = YES;
				CLANG_WARN_DIRECT_OBJC_ISA_USAGE = YES_ERROR;
				CLANG_WARN_EMPTY_BODY = YES;
				CLANG_WARN_ENUM_CONVERSION = YES;
				CLANG_WARN_INT_CONVERSION = YES;
				CLANG_WARN_OBJC_ROOT_CLASS = YES_ERROR;
				CLANG_WARN_UNREACHABLE_CODE = YES;
				CLANG_WARN__DUPLICATE_METHOD_MATCH = YES;
				"CODE_SIGN_IDENTITY[sdk=iphoneos*]" = "iPhone Developer";
				COPY_PHASE_STRIP = NO;
				ENABLE_STRICT_OBJC_MSGSEND = YES;
				GCC_C_LANGUAGE_STANDARD = gnu99;
				GCC_DYNAMIC_NO_PIC = NO;
				GCC_OPTIMIZATION_LEVEL = 0;
				GCC_PREPROCESSOR_DEFINITIONS = (
					"DEBUG=1",
					"$(inherited)",
				);
				GCC_SYMBOLS_PRIVATE_EXTERN = NO;
				GCC_WARN_64_TO_32_BIT_CONVERSION = YES;
				GCC_WARN_ABOUT_RETURN_TYPE = YES_ERROR;
				GCC_WARN_UNDECLARED_SELECTOR = YES;
				GCC_WARN_UNINITIALIZED_AUTOS = YES_AGGRESSIVE;
				GCC_WARN_UNUSED_FUNCTION = YES;
				GCC_WARN_UNUSED_VARIABLE = YES;
				IPHONEOS_DEPLOYMENT_TARGET = 8.0;
				MTL_ENABLE_DEBUG_INFO = YES;
				ONLY_ACTIVE_ARCH = YES;
				SDKROOT = iphoneos;
				SWIFT_OPTIMIZATION_LEVEL = "-Onone";
			};
			name = Debug;
		};
		D67577A119ABFEE200D625D0 /* Release */ = {
			isa = XCBuildConfiguration;
			buildSettings = {
				ALWAYS_SEARCH_USER_PATHS = NO;
				CLANG_CXX_LANGUAGE_STANDARD = "gnu++0x";
				CLANG_CXX_LIBRARY = "libc++";
				CLANG_ENABLE_MODULES = YES;
				CLANG_ENABLE_OBJC_ARC = YES;
				CLANG_WARN_BOOL_CONVERSION = YES;
				CLANG_WARN_CONSTANT_CONVERSION = YES;
				CLANG_WARN_DIRECT_OBJC_ISA_USAGE = YES_ERROR;
				CLANG_WARN_EMPTY_BODY = YES;
				CLANG_WARN_ENUM_CONVERSION = YES;
				CLANG_WARN_INT_CONVERSION = YES;
				CLANG_WARN_OBJC_ROOT_CLASS = YES_ERROR;
				CLANG_WARN_UNREACHABLE_CODE = YES;
				CLANG_WARN__DUPLICATE_METHOD_MATCH = YES;
				"CODE_SIGN_IDENTITY[sdk=iphoneos*]" = "iPhone Developer";
				COPY_PHASE_STRIP = YES;
				ENABLE_NS_ASSERTIONS = NO;
				ENABLE_STRICT_OBJC_MSGSEND = YES;
				GCC_C_LANGUAGE_STANDARD = gnu99;
				GCC_WARN_64_TO_32_BIT_CONVERSION = YES;
				GCC_WARN_ABOUT_RETURN_TYPE = YES_ERROR;
				GCC_WARN_UNDECLARED_SELECTOR = YES;
				GCC_WARN_UNINITIALIZED_AUTOS = YES_AGGRESSIVE;
				GCC_WARN_UNUSED_FUNCTION = YES;
				GCC_WARN_UNUSED_VARIABLE = YES;
				IPHONEOS_DEPLOYMENT_TARGET = 8.0;
				MTL_ENABLE_DEBUG_INFO = NO;
				SDKROOT = iphoneos;
				VALIDATE_PRODUCT = YES;
			};
			name = Release;
		};
		D67577A319ABFEE200D625D0 /* Debug */ = {
			isa = XCBuildConfiguration;
			buildSettings = {
				ASSETCATALOG_COMPILER_APPICON_NAME = AppIcon;
				ASSETCATALOG_COMPILER_LAUNCHIMAGE_NAME = LaunchImage;
				INFOPLIST_FILE = Tipster/Info.plist;
				LD_RUNPATH_SEARCH_PATHS = "$(inherited) @executable_path/Frameworks";
				PRODUCT_NAME = "$(TARGET_NAME)";
			};
			name = Debug;
		};
		D67577A419ABFEE200D625D0 /* Release */ = {
			isa = XCBuildConfiguration;
			buildSettings = {
				ASSETCATALOG_COMPILER_APPICON_NAME = AppIcon;
				ASSETCATALOG_COMPILER_LAUNCHIMAGE_NAME = LaunchImage;
				INFOPLIST_FILE = Tipster/Info.plist;
				LD_RUNPATH_SEARCH_PATHS = "$(inherited) @executable_path/Frameworks";
				PRODUCT_NAME = "$(TARGET_NAME)";
			};
			name = Release;
		};
		D67577A619ABFEE200D625D0 /* Debug */ = {
			isa = XCBuildConfiguration;
			buildSettings = {
				BUNDLE_LOADER = "$(TEST_HOST)";
				FRAMEWORK_SEARCH_PATHS = (
					"$(SDKROOT)/Developer/Library/Frameworks",
					"$(inherited)",
				);
				GCC_PREPROCESSOR_DEFINITIONS = (
					"DEBUG=1",
					"$(inherited)",
				);
				INFOPLIST_FILE = TipsterTests/Info.plist;
				LD_RUNPATH_SEARCH_PATHS = "$(inherited) @executable_path/Frameworks @loader_path/Frameworks";
				PRODUCT_NAME = "$(TARGET_NAME)";
				TEST_HOST = "$(BUILT_PRODUCTS_DIR)/Tipster.app/Tipster";
			};
			name = Debug;
		};
		D67577A719ABFEE200D625D0 /* Release */ = {
			isa = XCBuildConfiguration;
			buildSettings = {
				BUNDLE_LOADER = "$(TEST_HOST)";
				FRAMEWORK_SEARCH_PATHS = (
					"$(SDKROOT)/Developer/Library/Frameworks",
					"$(inherited)",
				);
				INFOPLIST_FILE = TipsterTests/Info.plist;
				LD_RUNPATH_SEARCH_PATHS = "$(inherited) @executable_path/Frameworks @loader_path/Frameworks";
				PRODUCT_NAME = "$(TARGET_NAME)";
				TEST_HOST = "$(BUILT_PRODUCTS_DIR)/Tipster.app/Tipster";
			};
			name = Release;
		};
/* End XCBuildConfiguration section */

/* Begin XCConfigurationList section */
		D675778119ABFEE200D625D0 /* Build configuration list for PBXProject "Tipster" */ = {
			isa = XCConfigurationList;
			buildConfigurations = (
				D67577A019ABFEE200D625D0 /* Debug */,
				D67577A119ABFEE200D625D0 /* Release */,
			);
			defaultConfigurationIsVisible = 0;
			defaultConfigurationName = Release;
		};
		D67577A219ABFEE200D625D0 /* Build configuration list for PBXNativeTarget "Tipster" */ = {
			isa = XCConfigurationList;
			buildConfigurations = (
				D67577A319ABFEE200D625D0 /* Debug */,
				D67577A419ABFEE200D625D0 /* Release */,
			);
			defaultConfigurationIsVisible = 0;
		};
		D67577A519ABFEE200D625D0 /* Build configuration list for PBXNativeTarget "TipsterTests" */ = {
			isa = XCConfigurationList;
			buildConfigurations = (
				D67577A619ABFEE200D625D0 /* Debug */,
				D67577A719ABFEE200D625D0 /* Release */,
			);
			defaultConfigurationIsVisible = 0;
		};
/* End XCConfigurationList section */
	};
	rootObject = D675777E19ABFEE200D625D0 /* Project object */;
}
